
Microsoft Visual Studio Solution File, Format Version 12.00
# Visual Studio Version 16
VisualStudioVersion = 16.0.29709.97
MinimumVisualStudioVersion = 10.0.40219.1
Project("{FAE04EC0-301F-11D3-BF4B-00C04F79EFBC}") = "APIParksPractice", "APIParksPractice\APIParksPractice.csproj", "{1C755A0C-FB37-4728-8AE2-67C28A45270E}"
EndProject
Global
	GlobalSection(SolutionConfigurationPlatforms) = preSolution
		Debug|Any CPU = Debug|Any CPU
		Release|Any CPU = Release|Any CPU
	EndGlobalSection
	GlobalSection(ProjectConfigurationPlatforms) = postSolution
		{1C755A0C-FB37-4728-8AE2-67C28A45270E}.Debug|Any CPU.ActiveCfg = Debug|Any CPU
		{1C755A0C-FB37-4728-8AE2-67C28A45270E}.Debug|Any CPU.Build.0 = Debug|Any CPU
		{1C755A0C-FB37-4728-8AE2-67C28A45270E}.Release|Any CPU.ActiveCfg = Release|Any CPU
		{1C755A0C-FB37-4728-8AE2-67C28A45270E}.Release|Any CPU.Build.0 = Release|Any CPU
	EndGlobalSection
	GlobalSection(SolutionProperties) = preSolution
		HideSolutionNode = FALSE
	EndGlobalSection
	GlobalSection(ExtensibilityGlobals) = postSolution
		SolutionGuid = {DC80C454-40E8-47FD-9B25-1B52B280F651}
	EndGlobalSection
EndGlobal
